// !$*UTF8*$!
{
	archiveVersion = 1;
	classes = {
	};
	objectVersion = 46;
	objects = {

/* Begin PBXBuildFile section */
		1D243CAE1DBBE2E500EB6043 /* Bus16.swift in Sources */ = {isa = PBXBuildFile; fileRef = 1D243C9A1DBBE2E500EB6043 /* Bus16.swift */; };
		1D243CAF1DBBE2E500EB6043 /* BusComponent.swift in Sources */ = {isa = PBXBuildFile; fileRef = 1D243C9B1DBBE2E500EB6043 /* BusComponent.swift */; };
		1D243CB01DBBE2E500EB6043 /* BusComponentBase.swift in Sources */ = {isa = PBXBuildFile; fileRef = 1D243C9C1DBBE2E500EB6043 /* BusComponentBase.swift */; };
		1D243CB11DBBE2E500EB6043 /* GenericIODevice.swift in Sources */ = {isa = PBXBuildFile; fileRef = 1D243C9D1DBBE2E500EB6043 /* GenericIODevice.swift */; };
		1D243CB21DBBE2E500EB6043 /* Ram.swift in Sources */ = {isa = PBXBuildFile; fileRef = 1D243C9E1DBBE2E500EB6043 /* Ram.swift */; };
		1D243CB31DBBE2E500EB6043 /* Rom.swift in Sources */ = {isa = PBXBuildFile; fileRef = 1D243C9F1DBBE2E500EB6043 /* Rom.swift */; };
		1D243CB41DBBE2E500EB6043 /* ControlUnit.swift in Sources */ = {isa = PBXBuildFile; fileRef = 1D243CA11DBBE2E500EB6043 /* ControlUnit.swift */; };
		1D243CB51DBBE2E500EB6043 /* ControlUnit_opcodes_cb.swift in Sources */ = {isa = PBXBuildFile; fileRef = 1D243CA21DBBE2E500EB6043 /* ControlUnit_opcodes_cb.swift */; };
		1D243CB61DBBE2E500EB6043 /* ControlUnit_opcodes_ed.swift in Sources */ = {isa = PBXBuildFile; fileRef = 1D243CA31DBBE2E500EB6043 /* ControlUnit_opcodes_ed.swift */; };
		1D243CB71DBBE2E500EB6043 /* ControlUnit_opcodes_none.swift in Sources */ = {isa = PBXBuildFile; fileRef = 1D243CA41DBBE2E500EB6043 /* ControlUnit_opcodes_none.swift */; };
		1D243CB81DBBE2E500EB6043 /* ControlUnit_opcodes_xx.swift in Sources */ = {isa = PBXBuildFile; fileRef = 1D243CA51DBBE2E500EB6043 /* ControlUnit_opcodes_xx.swift */; };
		1D243CB91DBBE2E500EB6043 /* ControlUnit_opcodes_xxcb.swift in Sources */ = {isa = PBXBuildFile; fileRef = 1D243CA61DBBE2E500EB6043 /* ControlUnit_opcodes_xxcb.swift */; };
		1D243CBA1DBBE2E500EB6043 /* extensions.swift in Sources */ = {isa = PBXBuildFile; fileRef = 1D243CA71DBBE2E500EB6043 /* extensions.swift */; };
		1D243CBB1DBBE2E500EB6043 /* types.swift in Sources */ = {isa = PBXBuildFile; fileRef = 1D243CA81DBBE2E500EB6043 /* types.swift */; };
		1D243CBC1DBBE2E500EB6043 /* Z80.swift in Sources */ = {isa = PBXBuildFile; fileRef = 1D243CA91DBBE2E500EB6043 /* Z80.swift */; };
		1D243CBD1DBBE2E500EB6043 /* Ula.swift in Sources */ = {isa = PBXBuildFile; fileRef = 1D243CAB1DBBE2E500EB6043 /* Ula.swift */; };
		1D243CBE1DBBE2E500EB6043 /* ULAIo.swift in Sources */ = {isa = PBXBuildFile; fileRef = 1D243CAC1DBBE2E500EB6043 /* ULAIo.swift */; };
		1D243CBF1DBBE2E500EB6043 /* ULAMemory.swift in Sources */ = {isa = PBXBuildFile; fileRef = 1D243CAD1DBBE2E500EB6043 /* ULAMemory.swift */; };
		1D243CC31DBBE3BE00EB6043 /* AudioStreamer.swift in Sources */ = {isa = PBXBuildFile; fileRef = 1D243CC01DBBE3BE00EB6043 /* AudioStreamer.swift */; };
		1D243CC41DBBE3BE00EB6043 /* Clock.swift in Sources */ = {isa = PBXBuildFile; fileRef = 1D243CC11DBBE3BE00EB6043 /* Clock.swift */; };
		1D243CC51DBBE3BE00EB6043 /* VmScreen.swift in Sources */ = {isa = PBXBuildFile; fileRef = 1D243CC21DBBE3BE00EB6043 /* VmScreen.swift */; };
		1D243CC71DBBE9E000EB6043 /* VirtualMachine.swift in Sources */ = {isa = PBXBuildFile; fileRef = 1D243CC61DBBE9E000EB6043 /* VirtualMachine.swift */; };
		1D243CCD1DBBEBE600EB6043 /* Tape.swift in Sources */ = {isa = PBXBuildFile; fileRef = 1D243CC91DBBEBE600EB6043 /* Tape.swift */; };
		1D243CCE1DBBEBE600EB6043 /* TapeBlock.swift in Sources */ = {isa = PBXBuildFile; fileRef = 1D243CCA1DBBEBE600EB6043 /* TapeBlock.swift */; };
		1D243CCF1DBBEBE600EB6043 /* TapeData.swift in Sources */ = {isa = PBXBuildFile; fileRef = 1D243CCB1DBBEBE600EB6043 /* TapeData.swift */; };
		1D243CD01DBBEBE600EB6043 /* TapeLoader.swift in Sources */ = {isa = PBXBuildFile; fileRef = 1D243CCC1DBBEBE600EB6043 /* TapeLoader.swift */; };
		1D429D481D22E6A6003DA7FC /* KeyEventHandler.swift in Sources */ = {isa = PBXBuildFile; fileRef = 1D429D471D22E6A6003DA7FC /* KeyEventHandler.swift */; };
		1D93AC051F7411BC0016FF73 /* BusBase.swift in Sources */ = {isa = PBXBuildFile; fileRef = 1D93AC041F7411BC0016FF73 /* BusBase.swift */; };
		1D93AC071F7411FC0016FF73 /* IoBus.swift in Sources */ = {isa = PBXBuildFile; fileRef = 1D93AC061F7411FC0016FF73 /* IoBus.swift */; };
		1DAD32081D7D979200B6BF57 /* TapeBlockSelectorViewController.swift in Sources */ = {isa = PBXBuildFile; fileRef = 1DAD32071D7D979200B6BF57 /* TapeBlockSelectorViewController.swift */; };
		1DF397EA1D21929F00045D06 /* AppDelegate.swift in Sources */ = {isa = PBXBuildFile; fileRef = 1DF397E91D21929F00045D06 /* AppDelegate.swift */; };
		1DF397EC1D21929F00045D06 /* ViewController.swift in Sources */ = {isa = PBXBuildFile; fileRef = 1DF397EB1D21929F00045D06 /* ViewController.swift */; };
		1DF397EE1D21929F00045D06 /* Assets.xcassets in Resources */ = {isa = PBXBuildFile; fileRef = 1DF397ED1D21929F00045D06 /* Assets.xcassets */; };
		1DF397F11D21929F00045D06 /* Main.storyboard in Resources */ = {isa = PBXBuildFile; fileRef = 1DF397EF1D21929F00045D06 /* Main.storyboard */; };
/* End PBXBuildFile section */

/* Begin PBXCopyFilesBuildPhase section */
		1DF397FB1D2192CE00045D06 /* Embed Frameworks */ = {
			isa = PBXCopyFilesBuildPhase;
			buildActionMask = 2147483647;
			dstPath = "";
			dstSubfolderSpec = 10;
			files = (
			);
			name = "Embed Frameworks";
			runOnlyForDeploymentPostprocessing = 0;
		};
/* End PBXCopyFilesBuildPhase section */

/* Begin PBXFileReference section */
		1D243C9A1DBBE2E500EB6043 /* Bus16.swift */ = {isa = PBXFileReference; fileEncoding = 4; lastKnownFileType = sourcecode.swift; path = Bus16.swift; sourceTree = "<group>"; };
		1D243C9B1DBBE2E500EB6043 /* BusComponent.swift */ = {isa = PBXFileReference; fileEncoding = 4; lastKnownFileType = sourcecode.swift; path = BusComponent.swift; sourceTree = "<group>"; };
		1D243C9C1DBBE2E500EB6043 /* BusComponentBase.swift */ = {isa = PBXFileReference; fileEncoding = 4; lastKnownFileType = sourcecode.swift; path = BusComponentBase.swift; sourceTree = "<group>"; };
		1D243C9D1DBBE2E500EB6043 /* GenericIODevice.swift */ = {isa = PBXFileReference; fileEncoding = 4; lastKnownFileType = sourcecode.swift; path = GenericIODevice.swift; sourceTree = "<group>"; };
		1D243C9E1DBBE2E500EB6043 /* Ram.swift */ = {isa = PBXFileReference; fileEncoding = 4; lastKnownFileType = sourcecode.swift; path = Ram.swift; sourceTree = "<group>"; };
		1D243C9F1DBBE2E500EB6043 /* Rom.swift */ = {isa = PBXFileReference; fileEncoding = 4; lastKnownFileType = sourcecode.swift; path = Rom.swift; sourceTree = "<group>"; };
		1D243CA11DBBE2E500EB6043 /* ControlUnit.swift */ = {isa = PBXFileReference; fileEncoding = 4; lastKnownFileType = sourcecode.swift; path = ControlUnit.swift; sourceTree = "<group>"; };
		1D243CA21DBBE2E500EB6043 /* ControlUnit_opcodes_cb.swift */ = {isa = PBXFileReference; fileEncoding = 4; lastKnownFileType = sourcecode.swift; path = ControlUnit_opcodes_cb.swift; sourceTree = "<group>"; };
		1D243CA31DBBE2E500EB6043 /* ControlUnit_opcodes_ed.swift */ = {isa = PBXFileReference; fileEncoding = 4; lastKnownFileType = sourcecode.swift; path = ControlUnit_opcodes_ed.swift; sourceTree = "<group>"; };
		1D243CA41DBBE2E500EB6043 /* ControlUnit_opcodes_none.swift */ = {isa = PBXFileReference; fileEncoding = 4; lastKnownFileType = sourcecode.swift; path = ControlUnit_opcodes_none.swift; sourceTree = "<group>"; };
		1D243CA51DBBE2E500EB6043 /* ControlUnit_opcodes_xx.swift */ = {isa = PBXFileReference; fileEncoding = 4; lastKnownFileType = sourcecode.swift; path = ControlUnit_opcodes_xx.swift; sourceTree = "<group>"; };
		1D243CA61DBBE2E500EB6043 /* ControlUnit_opcodes_xxcb.swift */ = {isa = PBXFileReference; fileEncoding = 4; lastKnownFileType = sourcecode.swift; path = ControlUnit_opcodes_xxcb.swift; sourceTree = "<group>"; };
		1D243CA71DBBE2E500EB6043 /* extensions.swift */ = {isa = PBXFileReference; fileEncoding = 4; lastKnownFileType = sourcecode.swift; path = extensions.swift; sourceTree = "<group>"; };
		1D243CA81DBBE2E500EB6043 /* types.swift */ = {isa = PBXFileReference; fileEncoding = 4; lastKnownFileType = sourcecode.swift; path = types.swift; sourceTree = "<group>"; };
		1D243CA91DBBE2E500EB6043 /* Z80.swift */ = {isa = PBXFileReference; fileEncoding = 4; lastKnownFileType = sourcecode.swift; path = Z80.swift; sourceTree = "<group>"; };
		1D243CAB1DBBE2E500EB6043 /* Ula.swift */ = {isa = PBXFileReference; fileEncoding = 4; lastKnownFileType = sourcecode.swift; path = Ula.swift; sourceTree = "<group>"; };
		1D243CAC1DBBE2E500EB6043 /* ULAIo.swift */ = {isa = PBXFileReference; fileEncoding = 4; lastKnownFileType = sourcecode.swift; path = ULAIo.swift; sourceTree = "<group>"; };
		1D243CAD1DBBE2E500EB6043 /* ULAMemory.swift */ = {isa = PBXFileReference; fileEncoding = 4; lastKnownFileType = sourcecode.swift; path = ULAMemory.swift; sourceTree = "<group>"; };
		1D243CC01DBBE3BE00EB6043 /* AudioStreamer.swift */ = {isa = PBXFileReference; fileEncoding = 4; lastKnownFileType = sourcecode.swift; path = AudioStreamer.swift; sourceTree = "<group>"; };
		1D243CC11DBBE3BE00EB6043 /* Clock.swift */ = {isa = PBXFileReference; fileEncoding = 4; lastKnownFileType = sourcecode.swift; path = Clock.swift; sourceTree = "<group>"; };
		1D243CC21DBBE3BE00EB6043 /* VmScreen.swift */ = {isa = PBXFileReference; fileEncoding = 4; lastKnownFileType = sourcecode.swift; path = VmScreen.swift; sourceTree = "<group>"; };
		1D243CC61DBBE9E000EB6043 /* VirtualMachine.swift */ = {isa = PBXFileReference; fileEncoding = 4; lastKnownFileType = sourcecode.swift; path = VirtualMachine.swift; sourceTree = "<group>"; };
		1D243CC91DBBEBE600EB6043 /* Tape.swift */ = {isa = PBXFileReference; fileEncoding = 4; lastKnownFileType = sourcecode.swift; path = Tape.swift; sourceTree = "<group>"; };
		1D243CCA1DBBEBE600EB6043 /* TapeBlock.swift */ = {isa = PBXFileReference; fileEncoding = 4; lastKnownFileType = sourcecode.swift; path = TapeBlock.swift; sourceTree = "<group>"; };
		1D243CCB1DBBEBE600EB6043 /* TapeData.swift */ = {isa = PBXFileReference; fileEncoding = 4; lastKnownFileType = sourcecode.swift; path = TapeData.swift; sourceTree = "<group>"; };
		1D243CCC1DBBEBE600EB6043 /* TapeLoader.swift */ = {isa = PBXFileReference; fileEncoding = 4; lastKnownFileType = sourcecode.swift; path = TapeLoader.swift; sourceTree = "<group>"; };
		1D429D471D22E6A6003DA7FC /* KeyEventHandler.swift */ = {isa = PBXFileReference; fileEncoding = 4; lastKnownFileType = sourcecode.swift; path = KeyEventHandler.swift; sourceTree = "<group>"; };
		1D93AC041F7411BC0016FF73 /* BusBase.swift */ = {isa = PBXFileReference; fileEncoding = 4; lastKnownFileType = sourcecode.swift; path = BusBase.swift; sourceTree = "<group>"; };
		1D93AC061F7411FC0016FF73 /* IoBus.swift */ = {isa = PBXFileReference; fileEncoding = 4; lastKnownFileType = sourcecode.swift; path = IoBus.swift; sourceTree = "<group>"; };
		1DAD32071D7D979200B6BF57 /* TapeBlockSelectorViewController.swift */ = {isa = PBXFileReference; fileEncoding = 4; lastKnownFileType = sourcecode.swift; path = TapeBlockSelectorViewController.swift; sourceTree = "<group>"; };
		1DF397E61D21929F00045D06 /* Sems.app */ = {isa = PBXFileReference; explicitFileType = wrapper.application; includeInIndex = 0; path = Sems.app; sourceTree = BUILT_PRODUCTS_DIR; };
		1DF397E91D21929F00045D06 /* AppDelegate.swift */ = {isa = PBXFileReference; lastKnownFileType = sourcecode.swift; path = AppDelegate.swift; sourceTree = "<group>"; };
		1DF397EB1D21929F00045D06 /* ViewController.swift */ = {isa = PBXFileReference; lastKnownFileType = sourcecode.swift; path = ViewController.swift; sourceTree = "<group>"; };
		1DF397ED1D21929F00045D06 /* Assets.xcassets */ = {isa = PBXFileReference; lastKnownFileType = folder.assetcatalog; path = Assets.xcassets; sourceTree = "<group>"; };
		1DF397F01D21929F00045D06 /* Base */ = {isa = PBXFileReference; lastKnownFileType = file.storyboard; name = Base; path = Base.lproj/Main.storyboard; sourceTree = "<group>"; };
		1DF397F21D21929F00045D06 /* Info.plist */ = {isa = PBXFileReference; lastKnownFileType = text.plist.xml; path = Info.plist; sourceTree = "<group>"; };
/* End PBXFileReference section */

/* Begin PBXFrameworksBuildPhase section */
		1DF397E31D21929F00045D06 /* Frameworks */ = {
			isa = PBXFrameworksBuildPhase;
			buildActionMask = 2147483647;
			files = (
			);
			runOnlyForDeploymentPostprocessing = 0;
		};
/* End PBXFrameworksBuildPhase section */

/* Begin PBXGroup section */
		1D243C991DBBE2E500EB6043 /* Bus */ = {
			isa = PBXGroup;
			children = (
				1D243C9A1DBBE2E500EB6043 /* Bus16.swift */,
				1D93AC061F7411FC0016FF73 /* IoBus.swift */,
				1D93AC041F7411BC0016FF73 /* BusBase.swift */,
				1D243C9B1DBBE2E500EB6043 /* BusComponent.swift */,
				1D243C9C1DBBE2E500EB6043 /* BusComponentBase.swift */,
				1D243C9D1DBBE2E500EB6043 /* GenericIODevice.swift */,
				1D243C9E1DBBE2E500EB6043 /* Ram.swift */,
				1D243C9F1DBBE2E500EB6043 /* Rom.swift */,
			);
			path = Bus;
			sourceTree = "<group>";
		};
		1D243CA01DBBE2E500EB6043 /* Cpu */ = {
			isa = PBXGroup;
			children = (
				1D243CA11DBBE2E500EB6043 /* ControlUnit.swift */,
				1D243CA21DBBE2E500EB6043 /* ControlUnit_opcodes_cb.swift */,
				1D243CA31DBBE2E500EB6043 /* ControlUnit_opcodes_ed.swift */,
				1D243CA41DBBE2E500EB6043 /* ControlUnit_opcodes_none.swift */,
				1D243CA51DBBE2E500EB6043 /* ControlUnit_opcodes_xx.swift */,
				1D243CA61DBBE2E500EB6043 /* ControlUnit_opcodes_xxcb.swift */,
				1D243CA71DBBE2E500EB6043 /* extensions.swift */,
				1D243CA81DBBE2E500EB6043 /* types.swift */,
				1D243CA91DBBE2E500EB6043 /* Z80.swift */,
			);
			path = Cpu;
			sourceTree = "<group>";
		};
		1D243CAA1DBBE2E500EB6043 /* Ula */ = {
			isa = PBXGroup;
			children = (
				1D243CAB1DBBE2E500EB6043 /* Ula.swift */,
				1D243CAC1DBBE2E500EB6043 /* ULAIo.swift */,
				1D243CAD1DBBE2E500EB6043 /* ULAMemory.swift */,
			);
			path = Ula;
			sourceTree = "<group>";
		};
		1D243CC81DBBEBE600EB6043 /* Tape */ = {
			isa = PBXGroup;
			children = (
				1D243CC91DBBEBE600EB6043 /* Tape.swift */,
				1D243CCA1DBBEBE600EB6043 /* TapeBlock.swift */,
				1D243CCB1DBBEBE600EB6043 /* TapeData.swift */,
				1D243CCC1DBBEBE600EB6043 /* TapeLoader.swift */,
			);
			path = Tape;
			sourceTree = "<group>";
		};
		1DF397DD1D21929E00045D06 = {
			isa = PBXGroup;
			children = (
				1DF397E81D21929F00045D06 /* Sems */,
				1DF397E71D21929F00045D06 /* Products */,
			);
			sourceTree = "<group>";
		};
		1DF397E71D21929F00045D06 /* Products */ = {
			isa = PBXGroup;
			children = (
				1DF397E61D21929F00045D06 /* Sems.app */,
			);
			name = Products;
			sourceTree = "<group>";
		};
		1DF397E81D21929F00045D06 /* Sems */ = {
			isa = PBXGroup;
			children = (
				1D243CC61DBBE9E000EB6043 /* VirtualMachine.swift */,
				1DF397E91D21929F00045D06 /* AppDelegate.swift */,
				1DF397EB1D21929F00045D06 /* ViewController.swift */,
				1D429D471D22E6A6003DA7FC /* KeyEventHandler.swift */,
				1D243CC01DBBE3BE00EB6043 /* AudioStreamer.swift */,
				1D243CC11DBBE3BE00EB6043 /* Clock.swift */,
				1D243CC21DBBE3BE00EB6043 /* VmScreen.swift */,
				1DAD32071D7D979200B6BF57 /* TapeBlockSelectorViewController.swift */,
				1D243C991DBBE2E500EB6043 /* Bus */,
				1D243CA01DBBE2E500EB6043 /* Cpu */,
				1D243CAA1DBBE2E500EB6043 /* Ula */,
				1D243CC81DBBEBE600EB6043 /* Tape */,
				1DF397ED1D21929F00045D06 /* Assets.xcassets */,
				1DF397EF1D21929F00045D06 /* Main.storyboard */,
				1DF397F21D21929F00045D06 /* Info.plist */,
			);
			path = Sems;
			sourceTree = "<group>";
		};
/* End PBXGroup section */

/* Begin PBXNativeTarget section */
		1DF397E51D21929F00045D06 /* Sems */ = {
			isa = PBXNativeTarget;
			buildConfigurationList = 1DF397F51D21929F00045D06 /* Build configuration list for PBXNativeTarget "Sems" */;
			buildPhases = (
				1DF397E21D21929F00045D06 /* Sources */,
				1DF397E31D21929F00045D06 /* Frameworks */,
				1DF397E41D21929F00045D06 /* Resources */,
				1DF397FB1D2192CE00045D06 /* Embed Frameworks */,
			);
			buildRules = (
			);
			dependencies = (
			);
			name = Sems;
			productName = Sems;
			productReference = 1DF397E61D21929F00045D06 /* Sems.app */;
			productType = "com.apple.product-type.application";
		};
/* End PBXNativeTarget section */

/* Begin PBXProject section */
		1DF397DE1D21929E00045D06 /* Project object */ = {
			isa = PBXProject;
			attributes = {
				LastSwiftUpdateCheck = 0800;
				LastUpgradeCheck = 0830;
				ORGANIZATIONNAME = "Jose Luis Fernandez-Mayoralas";
				TargetAttributes = {
					1DF397E51D21929F00045D06 = {
						CreatedOnToolsVersion = 8.0;
						ProvisioningStyle = Automatic;
					};
				};
			};
			buildConfigurationList = 1DF397E11D21929E00045D06 /* Build configuration list for PBXProject "Sems" */;
			compatibilityVersion = "Xcode 3.2";
			developmentRegion = English;
			hasScannedForEncodings = 0;
			knownRegions = (
				en,
				Base,
			);
			mainGroup = 1DF397DD1D21929E00045D06;
			productRefGroup = 1DF397E71D21929F00045D06 /* Products */;
			projectDirPath = "";
			projectRoot = "";
			targets = (
				1DF397E51D21929F00045D06 /* Sems */,
			);
		};
/* End PBXProject section */

/* Begin PBXResourcesBuildPhase section */
		1DF397E41D21929F00045D06 /* Resources */ = {
			isa = PBXResourcesBuildPhase;
			buildActionMask = 2147483647;
			files = (
				1DF397EE1D21929F00045D06 /* Assets.xcassets in Resources */,
				1DF397F11D21929F00045D06 /* Main.storyboard in Resources */,
			);
			runOnlyForDeploymentPostprocessing = 0;
		};
/* End PBXResourcesBuildPhase section */

/* Begin PBXSourcesBuildPhase section */
		1DF397E21D21929F00045D06 /* Sources */ = {
			isa = PBXSourcesBuildPhase;
			buildActionMask = 2147483647;
			files = (
				1D429D481D22E6A6003DA7FC /* KeyEventHandler.swift in Sources */,
				1D243CBE1DBBE2E500EB6043 /* ULAIo.swift in Sources */,
				1D243CBA1DBBE2E500EB6043 /* extensions.swift in Sources */,
				1D243CCE1DBBEBE600EB6043 /* TapeBlock.swift in Sources */,
				1DAD32081D7D979200B6BF57 /* TapeBlockSelectorViewController.swift in Sources */,
				1D243CAF1DBBE2E500EB6043 /* BusComponent.swift in Sources */,
				1D243CBF1DBBE2E500EB6043 /* ULAMemory.swift in Sources */,
				1D243CB81DBBE2E500EB6043 /* ControlUnit_opcodes_xx.swift in Sources */,
				1D93AC071F7411FC0016FF73 /* IoBus.swift in Sources */,
				1DF397EC1D21929F00045D06 /* ViewController.swift in Sources */,
				1DF397EA1D21929F00045D06 /* AppDelegate.swift in Sources */,
				1D243CC51DBBE3BE00EB6043 /* VmScreen.swift in Sources */,
				1D243CB11DBBE2E500EB6043 /* GenericIODevice.swift in Sources */,
				1D243CAE1DBBE2E500EB6043 /* Bus16.swift in Sources */,
				1D243CB01DBBE2E500EB6043 /* BusComponentBase.swift in Sources */,
				1D243CBC1DBBE2E500EB6043 /* Z80.swift in Sources */,
				1D243CC31DBBE3BE00EB6043 /* AudioStreamer.swift in Sources */,
				1D243CB61DBBE2E500EB6043 /* ControlUnit_opcodes_ed.swift in Sources */,
				1D243CB91DBBE2E500EB6043 /* ControlUnit_opcodes_xxcb.swift in Sources */,
				1D243CC71DBBE9E000EB6043 /* VirtualMachine.swift in Sources */,
				1D243CB71DBBE2E500EB6043 /* ControlUnit_opcodes_none.swift in Sources */,
				1D243CCF1DBBEBE600EB6043 /* TapeData.swift in Sources */,
				1D243CBD1DBBE2E500EB6043 /* Ula.swift in Sources */,
				1D243CC41DBBE3BE00EB6043 /* Clock.swift in Sources */,
				1D243CB51DBBE2E500EB6043 /* ControlUnit_opcodes_cb.swift in Sources */,
				1D243CB31DBBE2E500EB6043 /* Rom.swift in Sources */,
				1D93AC051F7411BC0016FF73 /* BusBase.swift in Sources */,
				1D243CBB1DBBE2E500EB6043 /* types.swift in Sources */,
				1D243CB21DBBE2E500EB6043 /* Ram.swift in Sources */,
				1D243CCD1DBBEBE600EB6043 /* Tape.swift in Sources */,
				1D243CD01DBBEBE600EB6043 /* TapeLoader.swift in Sources */,
				1D243CB41DBBE2E500EB6043 /* ControlUnit.swift in Sources */,
			);
			runOnlyForDeploymentPostprocessing = 0;
		};
/* End PBXSourcesBuildPhase section */

/* Begin PBXVariantGroup section */
		1DF397EF1D21929F00045D06 /* Main.storyboard */ = {
			isa = PBXVariantGroup;
			children = (
				1DF397F01D21929F00045D06 /* Base */,
			);
			name = Main.storyboard;
			sourceTree = "<group>";
		};
/* End PBXVariantGroup section */

/* Begin XCBuildConfiguration section */
		1DF397F31D21929F00045D06 /* Debug */ = {
			isa = XCBuildConfiguration;
			buildSettings = {
				ALWAYS_SEARCH_USER_PATHS = NO;
				CLANG_ANALYZER_NONNULL = YES;
				CLANG_CXX_LANGUAGE_STANDARD = "gnu++0x";
				CLANG_CXX_LIBRARY = "libc++";
				CLANG_ENABLE_MODULES = YES;
				CLANG_ENABLE_OBJC_ARC = YES;
				CLANG_WARN_BOOL_CONVERSION = YES;
				CLANG_WARN_CONSTANT_CONVERSION = YES;
				CLANG_WARN_DIRECT_OBJC_ISA_USAGE = YES_ERROR;
				CLANG_WARN_DOCUMENTATION_COMMENTS = YES;
				CLANG_WARN_EMPTY_BODY = YES;
				CLANG_WARN_ENUM_CONVERSION = YES;
				CLANG_WARN_INFINITE_RECURSION = YES;
				CLANG_WARN_INT_CONVERSION = YES;
				CLANG_WARN_OBJC_ROOT_CLASS = YES_ERROR;
				CLANG_WARN_SUSPICIOUS_MOVE = YES;
				CLANG_WARN_UNREACHABLE_CODE = YES;
				CLANG_WARN__DUPLICATE_METHOD_MATCH = YES;
				CODE_SIGN_IDENTITY = "-";
				COPY_PHASE_STRIP = NO;
				DEBUG_INFORMATION_FORMAT = dwarf;
				ENABLE_STRICT_OBJC_MSGSEND = YES;
				ENABLE_TESTABILITY = YES;
				GCC_C_LANGUAGE_STANDARD = gnu99;
				GCC_DYNAMIC_NO_PIC = NO;
				GCC_NO_COMMON_BLOCKS = YES;
				GCC_OPTIMIZATION_LEVEL = 0;
				GCC_PREPROCESSOR_DEFINITIONS = (
					"DEBUG=1",
					"$(inherited)",
				);
				GCC_WARN_64_TO_32_BIT_CONVERSION = YES;
				GCC_WARN_ABOUT_RETURN_TYPE = YES_ERROR;
				GCC_WARN_UNDECLARED_SELECTOR = YES;
				GCC_WARN_UNINITIALIZED_AUTOS = YES_AGGRESSIVE;
				GCC_WARN_UNUSED_FUNCTION = YES;
				GCC_WARN_UNUSED_VARIABLE = YES;
				MACOSX_DEPLOYMENT_TARGET = 10.11;
				MTL_ENABLE_DEBUG_INFO = YES;
				ONLY_ACTIVE_ARCH = YES;
				SDKROOT = macosx;
				SWIFT_ACTIVE_COMPILATION_CONDITIONS = DEBUG;
				SWIFT_OPTIMIZATION_LEVEL = "-Onone";
			};
			name = Debug;
		};
		1DF397F41D21929F00045D06 /* Release */ = {
			isa = XCBuildConfiguration;
			buildSettings = {
				ALWAYS_SEARCH_USER_PATHS = NO;
				CLANG_ANALYZER_NONNULL = YES;
				CLANG_CXX_LANGUAGE_STANDARD = "gnu++0x";
				CLANG_CXX_LIBRARY = "libc++";
				CLANG_ENABLE_MODULES = YES;
				CLANG_ENABLE_OBJC_ARC = YES;
				CLANG_WARN_BOOL_CONVERSION = YES;
				CLANG_WARN_CONSTANT_CONVERSION = YES;
				CLANG_WARN_DIRECT_OBJC_ISA_USAGE = YES_ERROR;
				CLANG_WARN_DOCUMENTATION_COMMENTS = YES;
				CLANG_WARN_EMPTY_BODY = YES;
				CLANG_WARN_ENUM_CONVERSION = YES;
				CLANG_WARN_INFINITE_RECURSION = YES;
				CLANG_WARN_INT_CONVERSION = YES;
				CLANG_WARN_OBJC_ROOT_CLASS = YES_ERROR;
				CLANG_WARN_SUSPICIOUS_MOVE = YES;
				CLANG_WARN_UNREACHABLE_CODE = YES;
				CLANG_WARN__DUPLICATE_METHOD_MATCH = YES;
				CODE_SIGN_IDENTITY = "-";
				COPY_PHASE_STRIP = NO;
				DEBUG_INFORMATION_FORMAT = "dwarf-with-dsym";
				ENABLE_NS_ASSERTIONS = NO;
				ENABLE_STRICT_OBJC_MSGSEND = YES;
				GCC_C_LANGUAGE_STANDARD = gnu99;
				GCC_NO_COMMON_BLOCKS = YES;
				GCC_WARN_64_TO_32_BIT_CONVERSION = YES;
				GCC_WARN_ABOUT_RETURN_TYPE = YES_ERROR;
				GCC_WARN_UNDECLARED_SELECTOR = YES;
				GCC_WARN_UNINITIALIZED_AUTOS = YES_AGGRESSIVE;
				GCC_WARN_UNUSED_FUNCTION = YES;
				GCC_WARN_UNUSED_VARIABLE = YES;
				MACOSX_DEPLOYMENT_TARGET = 10.11;
				MTL_ENABLE_DEBUG_INFO = NO;
				SDKROOT = macosx;
				SWIFT_OPTIMIZATION_LEVEL = "-Owholemodule";
			};
			name = Release;
		};
		1DF397F61D21929F00045D06 /* Debug */ = {
			isa = XCBuildConfiguration;
			buildSettings = {
				ASSETCATALOG_COMPILER_APPICON_NAME = AppIcon;
				COMBINE_HIDPI_IMAGES = YES;
				FRAMEWORK_SEARCH_PATHS = (
					"$(inherited)",
					"$(PROJECT_DIR)",
				);
				INFOPLIST_FILE = Sems/Info.plist;
				LD_RUNPATH_SEARCH_PATHS = "$(inherited) @executable_path/../Frameworks";
				PRODUCT_BUNDLE_IDENTIFIER = lomocorp.Sems;
				PRODUCT_NAME = "$(TARGET_NAME)";
				SWIFT_VERSION = 3.0;
			};
			name = Debug;
		};
		1DF397F71D21929F00045D06 /* Release */ = {
			isa = XCBuildConfiguration;
			buildSettings = {
				ASSETCATALOG_COMPILER_APPICON_NAME = AppIcon;
				COMBINE_HIDPI_IMAGES = YES;
				FRAMEWORK_SEARCH_PATHS = (
					"$(inherited)",
					"$(PROJECT_DIR)",
				);
				INFOPLIST_FILE = Sems/Info.plist;
				LD_RUNPATH_SEARCH_PATHS = "$(inherited) @executable_path/../Frameworks";
				PRODUCT_BUNDLE_IDENTIFIER = lomocorp.Sems;
				PRODUCT_NAME = "$(TARGET_NAME)";
				SWIFT_VERSION = 3.0;
			};
			name = Release;
		};
/* End XCBuildConfiguration section */

/* Begin XCConfigurationList section */
		1DF397E11D21929E00045D06 /* Build configuration list for PBXProject "Sems" */ = {
			isa = XCConfigurationList;
			buildConfigurations = (
				1DF397F31D21929F00045D06 /* Debug */,
				1DF397F41D21929F00045D06 /* Release */,
			);
			defaultConfigurationIsVisible = 0;
			defaultConfigurationName = Release;
		};
		1DF397F51D21929F00045D06 /* Build configuration list for PBXNativeTarget "Sems" */ = {
			isa = XCConfigurationList;
			buildConfigurations = (
				1DF397F61D21929F00045D06 /* Debug */,
				1DF397F71D21929F00045D06 /* Release */,
			);
			defaultConfigurationIsVisible = 0;
			defaultConfigurationName = Release;
		};
/* End XCConfigurationList section */
	};
	rootObject = 1DF397DE1D21929E00045D06 /* Project object */;
}
