// !$*UTF8*$!
{
	archiveVersion = 1;
	classes = {
	};
	objectVersion = 46;
	objects = {

/* Begin PBXBuildFile section */
		1D429D481D22E6A6003DA7FC /* KeyEventHandler.swift in Sources */ = {isa = PBXBuildFile; fileRef = 1D429D471D22E6A6003DA7FC /* KeyEventHandler.swift */; };
		1DAD32081D7D979200B6BF57 /* TapeBlockSelectorViewController.swift in Sources */ = {isa = PBXBuildFile; fileRef = 1DAD32071D7D979200B6BF57 /* TapeBlockSelectorViewController.swift */; };
		1DF397EA1D21929F00045D06 /* AppDelegate.swift in Sources */ = {isa = PBXBuildFile; fileRef = 1DF397E91D21929F00045D06 /* AppDelegate.swift */; };
		1DF397EC1D21929F00045D06 /* ViewController.swift in Sources */ = {isa = PBXBuildFile; fileRef = 1DF397EB1D21929F00045D06 /* ViewController.swift */; };
		1DF397EE1D21929F00045D06 /* Assets.xcassets in Resources */ = {isa = PBXBuildFile; fileRef = 1DF397ED1D21929F00045D06 /* Assets.xcassets */; };
		1DF397F11D21929F00045D06 /* Main.storyboard in Resources */ = {isa = PBXBuildFile; fileRef = 1DF397EF1D21929F00045D06 /* Main.storyboard */; };
		1DF397F91D2192CE00045D06 /* Z80VirtualMachineKit.framework in Frameworks */ = {isa = PBXBuildFile; fileRef = 1DF397F81D2192CE00045D06 /* Z80VirtualMachineKit.framework */; };
		1DF397FA1D2192CE00045D06 /* Z80VirtualMachineKit.framework in Embed Frameworks */ = {isa = PBXBuildFile; fileRef = 1DF397F81D2192CE00045D06 /* Z80VirtualMachineKit.framework */; settings = {ATTRIBUTES = (CodeSignOnCopy, RemoveHeadersOnCopy, ); }; };
/* End PBXBuildFile section */

/* Begin PBXCopyFilesBuildPhase section */
		1DF397FB1D2192CE00045D06 /* Embed Frameworks */ = {
			isa = PBXCopyFilesBuildPhase;
			buildActionMask = 2147483647;
			dstPath = "";
			dstSubfolderSpec = 10;
			files = (
				1DF397FA1D2192CE00045D06 /* Z80VirtualMachineKit.framework in Embed Frameworks */,
			);
			name = "Embed Frameworks";
			runOnlyForDeploymentPostprocessing = 0;
		};
/* End PBXCopyFilesBuildPhase section */

/* Begin PBXFileReference section */
		1D429D471D22E6A6003DA7FC /* KeyEventHandler.swift */ = {isa = PBXFileReference; fileEncoding = 4; lastKnownFileType = sourcecode.swift; path = KeyEventHandler.swift; sourceTree = "<group>"; };
		1DAD32071D7D979200B6BF57 /* TapeBlockSelectorViewController.swift */ = {isa = PBXFileReference; fileEncoding = 4; lastKnownFileType = sourcecode.swift; path = TapeBlockSelectorViewController.swift; sourceTree = "<group>"; };
		1DF397E61D21929F00045D06 /* Sems.app */ = {isa = PBXFileReference; explicitFileType = wrapper.application; includeInIndex = 0; path = Sems.app; sourceTree = BUILT_PRODUCTS_DIR; };
		1DF397E91D21929F00045D06 /* AppDelegate.swift */ = {isa = PBXFileReference; lastKnownFileType = sourcecode.swift; path = AppDelegate.swift; sourceTree = "<group>"; };
		1DF397EB1D21929F00045D06 /* ViewController.swift */ = {isa = PBXFileReference; lastKnownFileType = sourcecode.swift; path = ViewController.swift; sourceTree = "<group>"; };
		1DF397ED1D21929F00045D06 /* Assets.xcassets */ = {isa = PBXFileReference; lastKnownFileType = folder.assetcatalog; path = Assets.xcassets; sourceTree = "<group>"; };
		1DF397F01D21929F00045D06 /* Base */ = {isa = PBXFileReference; lastKnownFileType = file.storyboard; name = Base; path = Base.lproj/Main.storyboard; sourceTree = "<group>"; };
		1DF397F21D21929F00045D06 /* Info.plist */ = {isa = PBXFileReference; lastKnownFileType = text.plist.xml; path = Info.plist; sourceTree = "<group>"; };
		1DF397F81D2192CE00045D06 /* Z80VirtualMachineKit.framework */ = {isa = PBXFileReference; explicitFileType = wrapper.framework; path = Z80VirtualMachineKit.framework; sourceTree = BUILT_PRODUCTS_DIR; };
/* End PBXFileReference section */

/* Begin PBXFrameworksBuildPhase section */
		1DF397E31D21929F00045D06 /* Frameworks */ = {
			isa = PBXFrameworksBuildPhase;
			buildActionMask = 2147483647;
			files = (
				1DF397F91D2192CE00045D06 /* Z80VirtualMachineKit.framework in Frameworks */,
			);
			runOnlyForDeploymentPostprocessing = 0;
		};
/* End PBXFrameworksBuildPhase section */

/* Begin PBXGroup section */
		1DF397DD1D21929E00045D06 = {
			isa = PBXGroup;
			children = (
				1DF397F81D2192CE00045D06 /* Z80VirtualMachineKit.framework */,
				1DF397E81D21929F00045D06 /* Sems */,
				1DF397E71D21929F00045D06 /* Products */,
			);
			sourceTree = "<group>";
		};
		1DF397E71D21929F00045D06 /* Products */ = {
			isa = PBXGroup;
			children = (
				1DF397E61D21929F00045D06 /* Sems.app */,
			);
			name = Products;
			sourceTree = "<group>";
		};
		1DF397E81D21929F00045D06 /* Sems */ = {
			isa = PBXGroup;
			children = (
				1D429D471D22E6A6003DA7FC /* KeyEventHandler.swift */,
				1DF397E91D21929F00045D06 /* AppDelegate.swift */,
				1DF397EB1D21929F00045D06 /* ViewController.swift */,
				1DF397ED1D21929F00045D06 /* Assets.xcassets */,
				1DF397EF1D21929F00045D06 /* Main.storyboard */,
				1DF397F21D21929F00045D06 /* Info.plist */,
				1DAD32071D7D979200B6BF57 /* TapeBlockSelectorViewController.swift */,
			);
			path = Sems;
			sourceTree = "<group>";
		};
/* End PBXGroup section */

/* Begin PBXNativeTarget section */
		1DF397E51D21929F00045D06 /* Sems */ = {
			isa = PBXNativeTarget;
			buildConfigurationList = 1DF397F51D21929F00045D06 /* Build configuration list for PBXNativeTarget "Sems" */;
			buildPhases = (
				1DF397E21D21929F00045D06 /* Sources */,
				1DF397E31D21929F00045D06 /* Frameworks */,
				1DF397E41D21929F00045D06 /* Resources */,
				1DF397FB1D2192CE00045D06 /* Embed Frameworks */,
			);
			buildRules = (
			);
			dependencies = (
			);
			name = Sems;
			productName = Sems;
			productReference = 1DF397E61D21929F00045D06 /* Sems.app */;
			productType = "com.apple.product-type.application";
		};
/* End PBXNativeTarget section */

/* Begin PBXProject section */
		1DF397DE1D21929E00045D06 /* Project object */ = {
			isa = PBXProject;
			attributes = {
				LastSwiftUpdateCheck = 0800;
				LastUpgradeCheck = 0800;
				ORGANIZATIONNAME = "Jose Luis Fernandez-Mayoralas";
				TargetAttributes = {
					1DF397E51D21929F00045D06 = {
						CreatedOnToolsVersion = 8.0;
						ProvisioningStyle = Automatic;
					};
				};
			};
			buildConfigurationList = 1DF397E11D21929E00045D06 /* Build configuration list for PBXProject "Sems" */;
			compatibilityVersion = "Xcode 3.2";
			developmentRegion = English;
			hasScannedForEncodings = 0;
			knownRegions = (
				en,
				Base,
			);
			mainGroup = 1DF397DD1D21929E00045D06;
			productRefGroup = 1DF397E71D21929F00045D06 /* Products */;
			projectDirPath = "";
			projectRoot = "";
			targets = (
				1DF397E51D21929F00045D06 /* Sems */,
			);
		};
/* End PBXProject section */

/* Begin PBXResourcesBuildPhase section */
		1DF397E41D21929F00045D06 /* Resources */ = {
			isa = PBXResourcesBuildPhase;
			buildActionMask = 2147483647;
			files = (
				1DF397EE1D21929F00045D06 /* Assets.xcassets in Resources */,
				1DF397F11D21929F00045D06 /* Main.storyboard in Resources */,
			);
			runOnlyForDeploymentPostprocessing = 0;
		};
/* End PBXResourcesBuildPhase section */

/* Begin PBXSourcesBuildPhase section */
		1DF397E21D21929F00045D06 /* Sources */ = {
			isa = PBXSourcesBuildPhase;
			buildActionMask = 2147483647;
			files = (
				1D429D481D22E6A6003DA7FC /* KeyEventHandler.swift in Sources */,
				1DAD32081D7D979200B6BF57 /* TapeBlockSelectorViewController.swift in Sources */,
				1DF397EC1D21929F00045D06 /* ViewController.swift in Sources */,
				1DF397EA1D21929F00045D06 /* AppDelegate.swift in Sources */,
			);
			runOnlyForDeploymentPostprocessing = 0;
		};
/* End PBXSourcesBuildPhase section */

/* Begin PBXVariantGroup section */
		1DF397EF1D21929F00045D06 /* Main.storyboard */ = {
			isa = PBXVariantGroup;
			children = (
				1DF397F01D21929F00045D06 /* Base */,
			);
			name = Main.storyboard;
			sourceTree = "<group>";
		};
/* End PBXVariantGroup section */

/* Begin XCBuildConfiguration section */
		1DF397F31D21929F00045D06 /* Debug */ = {
			isa = XCBuildConfiguration;
			buildSettings = {
				ALWAYS_SEARCH_USER_PATHS = NO;
				CLANG_ANALYZER_NONNULL = YES;
				CLANG_CXX_LANGUAGE_STANDARD = "gnu++0x";
				CLANG_CXX_LIBRARY = "libc++";
				CLANG_ENABLE_MODULES = YES;
				CLANG_ENABLE_OBJC_ARC = YES;
				CLANG_WARN_BOOL_CONVERSION = YES;
				CLANG_WARN_CONSTANT_CONVERSION = YES;
				CLANG_WARN_DIRECT_OBJC_ISA_USAGE = YES_ERROR;
				CLANG_WARN_DOCUMENTATION_COMMENTS = YES;
				CLANG_WARN_EMPTY_BODY = YES;
				CLANG_WARN_ENUM_CONVERSION = YES;
				CLANG_WARN_INT_CONVERSION = YES;
				CLANG_WARN_OBJC_ROOT_CLASS = YES_ERROR;
				CLANG_WARN_UNREACHABLE_CODE = YES;
				CLANG_WARN__DUPLICATE_METHOD_MATCH = YES;
				CODE_SIGN_IDENTITY = "-";
				COPY_PHASE_STRIP = NO;
				DEBUG_INFORMATION_FORMAT = dwarf;
				ENABLE_STRICT_OBJC_MSGSEND = YES;
				ENABLE_TESTABILITY = YES;
				GCC_C_LANGUAGE_STANDARD = gnu99;
				GCC_DYNAMIC_NO_PIC = NO;
				GCC_NO_COMMON_BLOCKS = YES;
				GCC_OPTIMIZATION_LEVEL = 0;
				GCC_PREPROCESSOR_DEFINITIONS = (
					"DEBUG=1",
					"$(inherited)",
				);
				GCC_WARN_64_TO_32_BIT_CONVERSION = YES;
				GCC_WARN_ABOUT_RETURN_TYPE = YES_ERROR;
				GCC_WARN_UNDECLARED_SELECTOR = YES;
				GCC_WARN_UNINITIALIZED_AUTOS = YES_AGGRESSIVE;
				GCC_WARN_UNUSED_FUNCTION = YES;
				GCC_WARN_UNUSED_VARIABLE = YES;
				MACOSX_DEPLOYMENT_TARGET = 10.11;
				MTL_ENABLE_DEBUG_INFO = YES;
				ONLY_ACTIVE_ARCH = YES;
				SDKROOT = macosx;
				SWIFT_ACTIVE_COMPILATION_CONDITIONS = DEBUG;
				SWIFT_OPTIMIZATION_LEVEL = "-Onone";
			};
			name = Debug;
		};
		1DF397F41D21929F00045D06 /* Release */ = {
			isa = XCBuildConfiguration;
			buildSettings = {
				ALWAYS_SEARCH_USER_PATHS = NO;
				CLANG_ANALYZER_NONNULL = YES;
				CLANG_CXX_LANGUAGE_STANDARD = "gnu++0x";
				CLANG_CXX_LIBRARY = "libc++";
				CLANG_ENABLE_MODULES = YES;
				CLANG_ENABLE_OBJC_ARC = YES;
				CLANG_WARN_BOOL_CONVERSION = YES;
				CLANG_WARN_CONSTANT_CONVERSION = YES;
				CLANG_WARN_DIRECT_OBJC_ISA_USAGE = YES_ERROR;
				CLANG_WARN_DOCUMENTATION_COMMENTS = YES;
				CLANG_WARN_EMPTY_BODY = YES;
				CLANG_WARN_ENUM_CONVERSION = YES;
				CLANG_WARN_INT_CONVERSION = YES;
				CLANG_WARN_OBJC_ROOT_CLASS = YES_ERROR;
				CLANG_WARN_UNREACHABLE_CODE = YES;
				CLANG_WARN__DUPLICATE_METHOD_MATCH = YES;
				CODE_SIGN_IDENTITY = "-";
				COPY_PHASE_STRIP = NO;
				DEBUG_INFORMATION_FORMAT = "dwarf-with-dsym";
				ENABLE_NS_ASSERTIONS = NO;
				ENABLE_STRICT_OBJC_MSGSEND = YES;
				GCC_C_LANGUAGE_STANDARD = gnu99;
				GCC_NO_COMMON_BLOCKS = YES;
				GCC_WARN_64_TO_32_BIT_CONVERSION = YES;
				GCC_WARN_ABOUT_RETURN_TYPE = YES_ERROR;
				GCC_WARN_UNDECLARED_SELECTOR = YES;
				GCC_WARN_UNINITIALIZED_AUTOS = YES_AGGRESSIVE;
				GCC_WARN_UNUSED_FUNCTION = YES;
				GCC_WARN_UNUSED_VARIABLE = YES;
				MACOSX_DEPLOYMENT_TARGET = 10.11;
				MTL_ENABLE_DEBUG_INFO = NO;
				SDKROOT = macosx;
				SWIFT_OPTIMIZATION_LEVEL = "-Owholemodule";
			};
			name = Release;
		};
		1DF397F61D21929F00045D06 /* Debug */ = {
			isa = XCBuildConfiguration;
			buildSettings = {
				ASSETCATALOG_COMPILER_APPICON_NAME = AppIcon;
				COMBINE_HIDPI_IMAGES = YES;
				FRAMEWORK_SEARCH_PATHS = (
					"$(inherited)",
					"$(PROJECT_DIR)",
				);
				INFOPLIST_FILE = Sems/Info.plist;
				LD_RUNPATH_SEARCH_PATHS = "$(inherited) @executable_path/../Frameworks";
				PRODUCT_BUNDLE_IDENTIFIER = lomocorp.Sems;
				PRODUCT_NAME = "$(TARGET_NAME)";
				SWIFT_VERSION = 3.0;
			};
			name = Debug;
		};
		1DF397F71D21929F00045D06 /* Release */ = {
			isa = XCBuildConfiguration;
			buildSettings = {
				ASSETCATALOG_COMPILER_APPICON_NAME = AppIcon;
				COMBINE_HIDPI_IMAGES = YES;
				FRAMEWORK_SEARCH_PATHS = (
					"$(inherited)",
					"$(PROJECT_DIR)",
				);
				INFOPLIST_FILE = Sems/Info.plist;
				LD_RUNPATH_SEARCH_PATHS = "$(inherited) @executable_path/../Frameworks";
				PRODUCT_BUNDLE_IDENTIFIER = lomocorp.Sems;
				PRODUCT_NAME = "$(TARGET_NAME)";
				SWIFT_VERSION = 3.0;
			};
			name = Release;
		};
/* End XCBuildConfiguration section */

/* Begin XCConfigurationList section */
		1DF397E11D21929E00045D06 /* Build configuration list for PBXProject "Sems" */ = {
			isa = XCConfigurationList;
			buildConfigurations = (
				1DF397F31D21929F00045D06 /* Debug */,
				1DF397F41D21929F00045D06 /* Release */,
			);
			defaultConfigurationIsVisible = 0;
			defaultConfigurationName = Release;
		};
		1DF397F51D21929F00045D06 /* Build configuration list for PBXNativeTarget "Sems" */ = {
			isa = XCConfigurationList;
			buildConfigurations = (
				1DF397F61D21929F00045D06 /* Debug */,
				1DF397F71D21929F00045D06 /* Release */,
			);
			defaultConfigurationIsVisible = 0;
			defaultConfigurationName = Release;
		};
/* End XCConfigurationList section */
	};
	rootObject = 1DF397DE1D21929E00045D06 /* Project object */;
}
